// !$*UTF8*$!
{
	archiveVersion = 1;
	classes = {
	};
	objectVersion = 56;
	objects = {

/* Begin PBXBuildFile section */
		012512432B043809000C1703 /* TrackerGeometricParams.swift in Sources */ = {isa = PBXBuildFile; fileRef = 012512422B043809000C1703 /* TrackerGeometricParams.swift */; };
		012512452B06445D000C1703 /* NewHabitTrackerViewCell.swift in Sources */ = {isa = PBXBuildFile; fileRef = 012512442B06445D000C1703 /* NewHabitTrackerViewCell.swift */; };
		012512472B08DDC2000C1703 /* ScheduleViewCell.swift in Sources */ = {isa = PBXBuildFile; fileRef = 012512462B08DDC2000C1703 /* ScheduleViewCell.swift */; };
		012512492B0B4BE5000C1703 /* IrregularEventCell.swift in Sources */ = {isa = PBXBuildFile; fileRef = 012512482B0B4BE5000C1703 /* IrregularEventCell.swift */; };
		015B57DE2AEB032900B9E485 /* AppDelegate.swift in Sources */ = {isa = PBXBuildFile; fileRef = 015B57DD2AEB032900B9E485 /* AppDelegate.swift */; };
		015B57E02AEB032900B9E485 /* SceneDelegate.swift in Sources */ = {isa = PBXBuildFile; fileRef = 015B57DF2AEB032900B9E485 /* SceneDelegate.swift */; };
		015B57E22AEB032900B9E485 /* StatisticsViewController.swift in Sources */ = {isa = PBXBuildFile; fileRef = 015B57E12AEB032900B9E485 /* StatisticsViewController.swift */; };
		015B57E82AEB032900B9E485 /* Tracker.xcdatamodeld in Sources */ = {isa = PBXBuildFile; fileRef = 015B57E62AEB032900B9E485 /* Tracker.xcdatamodeld */; };
		015B57EA2AEB032A00B9E485 /* Assets.xcassets in Resources */ = {isa = PBXBuildFile; fileRef = 015B57E92AEB032A00B9E485 /* Assets.xcassets */; };
		015B57ED2AEB032A00B9E485 /* LaunchScreen.storyboard in Resources */ = {isa = PBXBuildFile; fileRef = 015B57EB2AEB032A00B9E485 /* LaunchScreen.storyboard */; };
		015B57F82AEB032A00B9E485 /* TrackerTests.swift in Sources */ = {isa = PBXBuildFile; fileRef = 015B57F72AEB032A00B9E485 /* TrackerTests.swift */; };
		015B58022AEB032A00B9E485 /* TrackerUITests.swift in Sources */ = {isa = PBXBuildFile; fileRef = 015B58012AEB032A00B9E485 /* TrackerUITests.swift */; };
		015B58042AEB032A00B9E485 /* TrackerUITestsLaunchTests.swift in Sources */ = {isa = PBXBuildFile; fileRef = 015B58032AEB032A00B9E485 /* TrackerUITestsLaunchTests.swift */; };
		015B58132AEBE6F400B9E485 /* TabBarController.swift in Sources */ = {isa = PBXBuildFile; fileRef = 015B58122AEBE6F400B9E485 /* TabBarController.swift */; };
		015B58162AEC2E8800B9E485 /* TrackersViewController.swift in Sources */ = {isa = PBXBuildFile; fileRef = 015B58152AEC2E8800B9E485 /* TrackersViewController.swift */; };
		015B58192AEC352100B9E485 /* UIColorExtension.swift in Sources */ = {isa = PBXBuildFile; fileRef = 015B58182AEC352100B9E485 /* UIColorExtension.swift */; };
		015B581F2AF3EF3600B9E485 /* NewTrackerViewController.swift in Sources */ = {isa = PBXBuildFile; fileRef = 015B581E2AF3EF3600B9E485 /* NewTrackerViewController.swift */; };
		015B58222AF5A1DB00B9E485 /* Tracker.swift in Sources */ = {isa = PBXBuildFile; fileRef = 015B58212AF5A1DB00B9E485 /* Tracker.swift */; };
		015B58242AF5A1F600B9E485 /* TrackerCategory.swift in Sources */ = {isa = PBXBuildFile; fileRef = 015B58232AF5A1F600B9E485 /* TrackerCategory.swift */; };
		015B58262AF5A21000B9E485 /* TrackerRecord.swift in Sources */ = {isa = PBXBuildFile; fileRef = 015B58252AF5A21000B9E485 /* TrackerRecord.swift */; };
		015B58282AF5A57700B9E485 /* TrackerSchedule.swift in Sources */ = {isa = PBXBuildFile; fileRef = 015B58272AF5A57700B9E485 /* TrackerSchedule.swift */; };
		015B582A2AF9A43100B9E485 /* NewHabitViewController.swift in Sources */ = {isa = PBXBuildFile; fileRef = 015B58292AF9A43100B9E485 /* NewHabitViewController.swift */; };
		015B582C2AF9A46200B9E485 /* IrregularEventViewController.swift in Sources */ = {isa = PBXBuildFile; fileRef = 015B582B2AF9A46200B9E485 /* IrregularEventViewController.swift */; };
		015B58322AFA6AB000B9E485 /* TrackerCell.swift in Sources */ = {isa = PBXBuildFile; fileRef = 015B58312AFA6AB000B9E485 /* TrackerCell.swift */; };
		015B58342AFA786100B9E485 /* CategoryViewController.swift in Sources */ = {isa = PBXBuildFile; fileRef = 015B58332AFA786100B9E485 /* CategoryViewController.swift */; };
		015B58362AFA78B300B9E485 /* ScheduleViewController.swift in Sources */ = {isa = PBXBuildFile; fileRef = 015B58352AFA78B300B9E485 /* ScheduleViewController.swift */; };
		015B583C2AFA8EBB00B9E485 /* TrackerTitleSectionView.swift in Sources */ = {isa = PBXBuildFile; fileRef = 015B583B2AFA8EBB00B9E485 /* TrackerTitleSectionView.swift */; };
		015B58452AFB8E0A00B9E485 /* TrackersStorage.swift in Sources */ = {isa = PBXBuildFile; fileRef = 015B58442AFB8E0A00B9E485 /* TrackersStorage.swift */; };
/* End PBXBuildFile section */

/* Begin PBXContainerItemProxy section */
		015B57F42AEB032A00B9E485 /* PBXContainerItemProxy */ = {
			isa = PBXContainerItemProxy;
			containerPortal = 015B57D22AEB032900B9E485 /* Project object */;
			proxyType = 1;
			remoteGlobalIDString = 015B57D92AEB032900B9E485;
			remoteInfo = Tracker;
		};
		015B57FE2AEB032A00B9E485 /* PBXContainerItemProxy */ = {
			isa = PBXContainerItemProxy;
			containerPortal = 015B57D22AEB032900B9E485 /* Project object */;
			proxyType = 1;
			remoteGlobalIDString = 015B57D92AEB032900B9E485;
			remoteInfo = Tracker;
		};
/* End PBXContainerItemProxy section */

/* Begin PBXFileReference section */
		012512422B043809000C1703 /* TrackerGeometricParams.swift */ = {isa = PBXFileReference; lastKnownFileType = sourcecode.swift; path = TrackerGeometricParams.swift; sourceTree = "<group>"; };
		012512442B06445D000C1703 /* NewHabitTrackerViewCell.swift */ = {isa = PBXFileReference; lastKnownFileType = sourcecode.swift; path = NewHabitTrackerViewCell.swift; sourceTree = "<group>"; };
		012512462B08DDC2000C1703 /* ScheduleViewCell.swift */ = {isa = PBXFileReference; lastKnownFileType = sourcecode.swift; path = ScheduleViewCell.swift; sourceTree = "<group>"; };
		012512482B0B4BE5000C1703 /* IrregularEventCell.swift */ = {isa = PBXFileReference; lastKnownFileType = sourcecode.swift; path = IrregularEventCell.swift; sourceTree = "<group>"; };
		015B57DA2AEB032900B9E485 /* Tracker.app */ = {isa = PBXFileReference; explicitFileType = wrapper.application; includeInIndex = 0; path = Tracker.app; sourceTree = BUILT_PRODUCTS_DIR; };
		015B57DD2AEB032900B9E485 /* AppDelegate.swift */ = {isa = PBXFileReference; lastKnownFileType = sourcecode.swift; path = AppDelegate.swift; sourceTree = "<group>"; };
		015B57DF2AEB032900B9E485 /* SceneDelegate.swift */ = {isa = PBXFileReference; lastKnownFileType = sourcecode.swift; path = SceneDelegate.swift; sourceTree = "<group>"; };
		015B57E12AEB032900B9E485 /* StatisticsViewController.swift */ = {isa = PBXFileReference; lastKnownFileType = sourcecode.swift; path = StatisticsViewController.swift; sourceTree = "<group>"; };
		015B57E72AEB032900B9E485 /* Tracker.xcdatamodel */ = {isa = PBXFileReference; lastKnownFileType = wrapper.xcdatamodel; path = Tracker.xcdatamodel; sourceTree = "<group>"; };
		015B57E92AEB032A00B9E485 /* Assets.xcassets */ = {isa = PBXFileReference; lastKnownFileType = folder.assetcatalog; path = Assets.xcassets; sourceTree = "<group>"; };
		015B57EC2AEB032A00B9E485 /* Base */ = {isa = PBXFileReference; lastKnownFileType = file.storyboard; name = Base; path = Base.lproj/LaunchScreen.storyboard; sourceTree = "<group>"; };
		015B57EE2AEB032A00B9E485 /* Info.plist */ = {isa = PBXFileReference; lastKnownFileType = text.plist.xml; path = Info.plist; sourceTree = "<group>"; };
		015B57F32AEB032A00B9E485 /* TrackerTests.xctest */ = {isa = PBXFileReference; explicitFileType = wrapper.cfbundle; includeInIndex = 0; path = TrackerTests.xctest; sourceTree = BUILT_PRODUCTS_DIR; };
		015B57F72AEB032A00B9E485 /* TrackerTests.swift */ = {isa = PBXFileReference; lastKnownFileType = sourcecode.swift; path = TrackerTests.swift; sourceTree = "<group>"; };
		015B57FD2AEB032A00B9E485 /* TrackerUITests.xctest */ = {isa = PBXFileReference; explicitFileType = wrapper.cfbundle; includeInIndex = 0; path = TrackerUITests.xctest; sourceTree = BUILT_PRODUCTS_DIR; };
		015B58012AEB032A00B9E485 /* TrackerUITests.swift */ = {isa = PBXFileReference; lastKnownFileType = sourcecode.swift; path = TrackerUITests.swift; sourceTree = "<group>"; };
		015B58032AEB032A00B9E485 /* TrackerUITestsLaunchTests.swift */ = {isa = PBXFileReference; lastKnownFileType = sourcecode.swift; path = TrackerUITestsLaunchTests.swift; sourceTree = "<group>"; };
		015B58122AEBE6F400B9E485 /* TabBarController.swift */ = {isa = PBXFileReference; lastKnownFileType = sourcecode.swift; path = TabBarController.swift; sourceTree = "<group>"; };
		015B58152AEC2E8800B9E485 /* TrackersViewController.swift */ = {isa = PBXFileReference; lastKnownFileType = sourcecode.swift; path = TrackersViewController.swift; sourceTree = "<group>"; };
		015B58182AEC352100B9E485 /* UIColorExtension.swift */ = {isa = PBXFileReference; lastKnownFileType = sourcecode.swift; path = UIColorExtension.swift; sourceTree = "<group>"; };
		015B581E2AF3EF3600B9E485 /* NewTrackerViewController.swift */ = {isa = PBXFileReference; lastKnownFileType = sourcecode.swift; path = NewTrackerViewController.swift; sourceTree = "<group>"; };
		015B58212AF5A1DB00B9E485 /* Tracker.swift */ = {isa = PBXFileReference; lastKnownFileType = sourcecode.swift; path = Tracker.swift; sourceTree = "<group>"; };
		015B58232AF5A1F600B9E485 /* TrackerCategory.swift */ = {isa = PBXFileReference; lastKnownFileType = sourcecode.swift; path = TrackerCategory.swift; sourceTree = "<group>"; };
		015B58252AF5A21000B9E485 /* TrackerRecord.swift */ = {isa = PBXFileReference; lastKnownFileType = sourcecode.swift; path = TrackerRecord.swift; sourceTree = "<group>"; };
		015B58272AF5A57700B9E485 /* TrackerSchedule.swift */ = {isa = PBXFileReference; lastKnownFileType = sourcecode.swift; path = TrackerSchedule.swift; sourceTree = "<group>"; };
		015B58292AF9A43100B9E485 /* NewHabitViewController.swift */ = {isa = PBXFileReference; lastKnownFileType = sourcecode.swift; path = NewHabitViewController.swift; sourceTree = "<group>"; };
		015B582B2AF9A46200B9E485 /* IrregularEventViewController.swift */ = {isa = PBXFileReference; lastKnownFileType = sourcecode.swift; path = IrregularEventViewController.swift; sourceTree = "<group>"; };
		015B58312AFA6AB000B9E485 /* TrackerCell.swift */ = {isa = PBXFileReference; lastKnownFileType = sourcecode.swift; path = TrackerCell.swift; sourceTree = "<group>"; };
		015B58332AFA786100B9E485 /* CategoryViewController.swift */ = {isa = PBXFileReference; lastKnownFileType = sourcecode.swift; path = CategoryViewController.swift; sourceTree = "<group>"; };
		015B58352AFA78B300B9E485 /* ScheduleViewController.swift */ = {isa = PBXFileReference; lastKnownFileType = sourcecode.swift; path = ScheduleViewController.swift; sourceTree = "<group>"; };
		015B583B2AFA8EBB00B9E485 /* TrackerTitleSectionView.swift */ = {isa = PBXFileReference; lastKnownFileType = sourcecode.swift; path = TrackerTitleSectionView.swift; sourceTree = "<group>"; };
		015B58442AFB8E0A00B9E485 /* TrackersStorage.swift */ = {isa = PBXFileReference; lastKnownFileType = sourcecode.swift; path = TrackersStorage.swift; sourceTree = "<group>"; };
/* End PBXFileReference section */

/* Begin PBXFrameworksBuildPhase section */
		015B57D72AEB032900B9E485 /* Frameworks */ = {
			isa = PBXFrameworksBuildPhase;
			buildActionMask = 2147483647;
			files = (
			);
			runOnlyForDeploymentPostprocessing = 0;
		};
		015B57F02AEB032A00B9E485 /* Frameworks */ = {
			isa = PBXFrameworksBuildPhase;
			buildActionMask = 2147483647;
			files = (
			);
			runOnlyForDeploymentPostprocessing = 0;
		};
		015B57FA2AEB032A00B9E485 /* Frameworks */ = {
			isa = PBXFrameworksBuildPhase;
			buildActionMask = 2147483647;
			files = (
			);
			runOnlyForDeploymentPostprocessing = 0;
		};
/* End PBXFrameworksBuildPhase section */

/* Begin PBXGroup section */
		015B57D12AEB032900B9E485 = {
			isa = PBXGroup;
			children = (
				015B57DC2AEB032900B9E485 /* Tracker */,
				015B57F62AEB032A00B9E485 /* TrackerTests */,
				015B58002AEB032A00B9E485 /* TrackerUITests */,
				015B57DB2AEB032900B9E485 /* Products */,
			);
			sourceTree = "<group>";
		};
		015B57DB2AEB032900B9E485 /* Products */ = {
			isa = PBXGroup;
			children = (
				015B57DA2AEB032900B9E485 /* Tracker.app */,
				015B57F32AEB032A00B9E485 /* TrackerTests.xctest */,
				015B57FD2AEB032A00B9E485 /* TrackerUITests.xctest */,
			);
			name = Products;
			sourceTree = "<group>";
		};
		015B57DC2AEB032900B9E485 /* Tracker */ = {
			isa = PBXGroup;
			children = (
				015B58432AFB8DEE00B9E485 /* Data */,
				015B58102AEBE66D00B9E485 /* Application */,
				015B58172AEC34FC00B9E485 /* Helpers */,
				015B58202AF5A1B500B9E485 /* Models */,
				015B58302AFA6A9800B9E485 /* Cells */,
				015B58112AEBE68300B9E485 /* TabBar */,
				015B58142AEC2E6700B9E485 /* TrackersViewController */,
				015B582E2AFA637000B9E485 /* StatisticsViewController */,
				015B57E92AEB032A00B9E485 /* Assets.xcassets */,
				015B57EB2AEB032A00B9E485 /* LaunchScreen.storyboard */,
				015B57EE2AEB032A00B9E485 /* Info.plist */,
				015B57E62AEB032900B9E485 /* Tracker.xcdatamodeld */,
			);
			path = Tracker;
			sourceTree = "<group>";
		};
		015B57F62AEB032A00B9E485 /* TrackerTests */ = {
			isa = PBXGroup;
			children = (
				015B57F72AEB032A00B9E485 /* TrackerTests.swift */,
			);
			path = TrackerTests;
			sourceTree = "<group>";
		};
		015B58002AEB032A00B9E485 /* TrackerUITests */ = {
			isa = PBXGroup;
			children = (
				015B58012AEB032A00B9E485 /* TrackerUITests.swift */,
				015B58032AEB032A00B9E485 /* TrackerUITestsLaunchTests.swift */,
			);
			path = TrackerUITests;
			sourceTree = "<group>";
		};
		015B58102AEBE66D00B9E485 /* Application */ = {
			isa = PBXGroup;
			children = (
				015B57DD2AEB032900B9E485 /* AppDelegate.swift */,
				015B57DF2AEB032900B9E485 /* SceneDelegate.swift */,
			);
			path = Application;
			sourceTree = "<group>";
		};
		015B58112AEBE68300B9E485 /* TabBar */ = {
			isa = PBXGroup;
			children = (
				015B58122AEBE6F400B9E485 /* TabBarController.swift */,
			);
			path = TabBar;
			sourceTree = "<group>";
		};
		015B58142AEC2E6700B9E485 /* TrackersViewController */ = {
			isa = PBXGroup;
			children = (
				015B582D2AFA633400B9E485 /* AddingTracker */,
				015B58292AF9A43100B9E485 /* NewHabitViewController.swift */,
				015B582B2AF9A46200B9E485 /* IrregularEventViewController.swift */,
			);
			path = TrackersViewController;
			sourceTree = "<group>";
		};
		015B58172AEC34FC00B9E485 /* Helpers */ = {
			isa = PBXGroup;
			children = (
				015B58182AEC352100B9E485 /* UIColorExtension.swift */,
			);
			path = Helpers;
			sourceTree = "<group>";
		};
		015B58202AF5A1B500B9E485 /* Models */ = {
			isa = PBXGroup;
			children = (
				015B58212AF5A1DB00B9E485 /* Tracker.swift */,
				015B58232AF5A1F600B9E485 /* TrackerCategory.swift */,
				015B58252AF5A21000B9E485 /* TrackerRecord.swift */,
				015B58272AF5A57700B9E485 /* TrackerSchedule.swift */,
				012512422B043809000C1703 /* TrackerGeometricParams.swift */,
			);
			path = Models;
			sourceTree = "<group>";
		};
		015B582D2AFA633400B9E485 /* AddingTracker */ = {
			isa = PBXGroup;
			children = (
				015B58152AEC2E8800B9E485 /* TrackersViewController.swift */,
				015B582F2AFA63F900B9E485 /* NewTrackerViewController */,
				015B58332AFA786100B9E485 /* CategoryViewController.swift */,
				015B58352AFA78B300B9E485 /* ScheduleViewController.swift */,
			);
			path = AddingTracker;
			sourceTree = "<group>";
		};
		015B582E2AFA637000B9E485 /* StatisticsViewController */ = {
			isa = PBXGroup;
			children = (
				015B57E12AEB032900B9E485 /* StatisticsViewController.swift */,
			);
			path = StatisticsViewController;
			sourceTree = "<group>";
		};
		015B582F2AFA63F900B9E485 /* NewTrackerViewController */ = {
			isa = PBXGroup;
			children = (
				015B581E2AF3EF3600B9E485 /* NewTrackerViewController.swift */,
			);
			path = NewTrackerViewController;
			sourceTree = "<group>";
		};
		015B58302AFA6A9800B9E485 /* Cells */ = {
			isa = PBXGroup;
			children = (
				015B58312AFA6AB000B9E485 /* TrackerCell.swift */,
				012512442B06445D000C1703 /* NewHabitTrackerViewCell.swift */,
				015B583B2AFA8EBB00B9E485 /* TrackerTitleSectionView.swift */,
				012512462B08DDC2000C1703 /* ScheduleViewCell.swift */,
				012512482B0B4BE5000C1703 /* IrregularEventCell.swift */,
			);
			path = Cells;
			sourceTree = "<group>";
		};
		015B58432AFB8DEE00B9E485 /* Data */ = {
			isa = PBXGroup;
			children = (
				015B58442AFB8E0A00B9E485 /* TrackersStorage.swift */,
			);
			path = Data;
			sourceTree = "<group>";
		};
/* End PBXGroup section */

/* Begin PBXNativeTarget section */
		015B57D92AEB032900B9E485 /* Tracker */ = {
			isa = PBXNativeTarget;
			buildConfigurationList = 015B58072AEB032A00B9E485 /* Build configuration list for PBXNativeTarget "Tracker" */;
			buildPhases = (
				015B57D62AEB032900B9E485 /* Sources */,
				015B57D72AEB032900B9E485 /* Frameworks */,
				015B57D82AEB032900B9E485 /* Resources */,
			);
			buildRules = (
			);
			dependencies = (
			);
			name = Tracker;
			productName = Tracker;
			productReference = 015B57DA2AEB032900B9E485 /* Tracker.app */;
			productType = "com.apple.product-type.application";
		};
		015B57F22AEB032A00B9E485 /* TrackerTests */ = {
			isa = PBXNativeTarget;
			buildConfigurationList = 015B580A2AEB032A00B9E485 /* Build configuration list for PBXNativeTarget "TrackerTests" */;
			buildPhases = (
				015B57EF2AEB032A00B9E485 /* Sources */,
				015B57F02AEB032A00B9E485 /* Frameworks */,
				015B57F12AEB032A00B9E485 /* Resources */,
			);
			buildRules = (
			);
			dependencies = (
				015B57F52AEB032A00B9E485 /* PBXTargetDependency */,
			);
			name = TrackerTests;
			productName = TrackerTests;
			productReference = 015B57F32AEB032A00B9E485 /* TrackerTests.xctest */;
			productType = "com.apple.product-type.bundle.unit-test";
		};
		015B57FC2AEB032A00B9E485 /* TrackerUITests */ = {
			isa = PBXNativeTarget;
			buildConfigurationList = 015B580D2AEB032A00B9E485 /* Build configuration list for PBXNativeTarget "TrackerUITests" */;
			buildPhases = (
				015B57F92AEB032A00B9E485 /* Sources */,
				015B57FA2AEB032A00B9E485 /* Frameworks */,
				015B57FB2AEB032A00B9E485 /* Resources */,
			);
			buildRules = (
			);
			dependencies = (
				015B57FF2AEB032A00B9E485 /* PBXTargetDependency */,
			);
			name = TrackerUITests;
			productName = TrackerUITests;
			productReference = 015B57FD2AEB032A00B9E485 /* TrackerUITests.xctest */;
			productType = "com.apple.product-type.bundle.ui-testing";
		};
/* End PBXNativeTarget section */

/* Begin PBXProject section */
		015B57D22AEB032900B9E485 /* Project object */ = {
			isa = PBXProject;
			attributes = {
				BuildIndependentTargetsInParallel = 1;
				LastSwiftUpdateCheck = 1430;
				LastUpgradeCheck = 1430;
				TargetAttributes = {
					015B57D92AEB032900B9E485 = {
						CreatedOnToolsVersion = 14.3.1;
					};
					015B57F22AEB032A00B9E485 = {
						CreatedOnToolsVersion = 14.3.1;
						TestTargetID = 015B57D92AEB032900B9E485;
					};
					015B57FC2AEB032A00B9E485 = {
						CreatedOnToolsVersion = 14.3.1;
						TestTargetID = 015B57D92AEB032900B9E485;
					};
				};
			};
			buildConfigurationList = 015B57D52AEB032900B9E485 /* Build configuration list for PBXProject "Tracker" */;
			compatibilityVersion = "Xcode 14.0";
			developmentRegion = en;
			hasScannedForEncodings = 0;
			knownRegions = (
				en,
				Base,
			);
			mainGroup = 015B57D12AEB032900B9E485;
			productRefGroup = 015B57DB2AEB032900B9E485 /* Products */;
			projectDirPath = "";
			projectRoot = "";
			targets = (
				015B57D92AEB032900B9E485 /* Tracker */,
				015B57F22AEB032A00B9E485 /* TrackerTests */,
				015B57FC2AEB032A00B9E485 /* TrackerUITests */,
			);
		};
/* End PBXProject section */

/* Begin PBXResourcesBuildPhase section */
		015B57D82AEB032900B9E485 /* Resources */ = {
			isa = PBXResourcesBuildPhase;
			buildActionMask = 2147483647;
			files = (
				015B57ED2AEB032A00B9E485 /* LaunchScreen.storyboard in Resources */,
				015B57EA2AEB032A00B9E485 /* Assets.xcassets in Resources */,
			);
			runOnlyForDeploymentPostprocessing = 0;
		};
		015B57F12AEB032A00B9E485 /* Resources */ = {
			isa = PBXResourcesBuildPhase;
			buildActionMask = 2147483647;
			files = (
			);
			runOnlyForDeploymentPostprocessing = 0;
		};
		015B57FB2AEB032A00B9E485 /* Resources */ = {
			isa = PBXResourcesBuildPhase;
			buildActionMask = 2147483647;
			files = (
			);
			runOnlyForDeploymentPostprocessing = 0;
		};
/* End PBXResourcesBuildPhase section */

/* Begin PBXSourcesBuildPhase section */
		015B57D62AEB032900B9E485 /* Sources */ = {
			isa = PBXSourcesBuildPhase;
			buildActionMask = 2147483647;
			files = (
				012512452B06445D000C1703 /* NewHabitTrackerViewCell.swift in Sources */,
				015B57E82AEB032900B9E485 /* Tracker.xcdatamodeld in Sources */,
				015B582C2AF9A46200B9E485 /* IrregularEventViewController.swift in Sources */,
				015B58362AFA78B300B9E485 /* ScheduleViewController.swift in Sources */,
				015B58192AEC352100B9E485 /* UIColorExtension.swift in Sources */,
				015B57E22AEB032900B9E485 /* StatisticsViewController.swift in Sources */,
				012512432B043809000C1703 /* TrackerGeometricParams.swift in Sources */,
				015B58342AFA786100B9E485 /* CategoryViewController.swift in Sources */,
				015B58262AF5A21000B9E485 /* TrackerRecord.swift in Sources */,
				015B58222AF5A1DB00B9E485 /* Tracker.swift in Sources */,
				012512492B0B4BE5000C1703 /* IrregularEventCell.swift in Sources */,
				015B58242AF5A1F600B9E485 /* TrackerCategory.swift in Sources */,
				015B58452AFB8E0A00B9E485 /* TrackersStorage.swift in Sources */,
				015B57DE2AEB032900B9E485 /* AppDelegate.swift in Sources */,
				015B58132AEBE6F400B9E485 /* TabBarController.swift in Sources */,
				015B57E02AEB032900B9E485 /* SceneDelegate.swift in Sources */,
				015B58322AFA6AB000B9E485 /* TrackerCell.swift in Sources */,
				015B582A2AF9A43100B9E485 /* NewHabitViewController.swift in Sources */,
				012512472B08DDC2000C1703 /* ScheduleViewCell.swift in Sources */,
				015B58282AF5A57700B9E485 /* TrackerSchedule.swift in Sources */,
				015B581F2AF3EF3600B9E485 /* NewTrackerViewController.swift in Sources */,
				015B58162AEC2E8800B9E485 /* TrackersViewController.swift in Sources */,
				015B583C2AFA8EBB00B9E485 /* TrackerTitleSectionView.swift in Sources */,
			);
			runOnlyForDeploymentPostprocessing = 0;
		};
		015B57EF2AEB032A00B9E485 /* Sources */ = {
			isa = PBXSourcesBuildPhase;
			buildActionMask = 2147483647;
			files = (
				015B57F82AEB032A00B9E485 /* TrackerTests.swift in Sources */,
			);
			runOnlyForDeploymentPostprocessing = 0;
		};
		015B57F92AEB032A00B9E485 /* Sources */ = {
			isa = PBXSourcesBuildPhase;
			buildActionMask = 2147483647;
			files = (
				015B58022AEB032A00B9E485 /* TrackerUITests.swift in Sources */,
				015B58042AEB032A00B9E485 /* TrackerUITestsLaunchTests.swift in Sources */,
			);
			runOnlyForDeploymentPostprocessing = 0;
		};
/* End PBXSourcesBuildPhase section */

/* Begin PBXTargetDependency section */
		015B57F52AEB032A00B9E485 /* PBXTargetDependency */ = {
			isa = PBXTargetDependency;
			target = 015B57D92AEB032900B9E485 /* Tracker */;
			targetProxy = 015B57F42AEB032A00B9E485 /* PBXContainerItemProxy */;
		};
		015B57FF2AEB032A00B9E485 /* PBXTargetDependency */ = {
			isa = PBXTargetDependency;
			target = 015B57D92AEB032900B9E485 /* Tracker */;
			targetProxy = 015B57FE2AEB032A00B9E485 /* PBXContainerItemProxy */;
		};
/* End PBXTargetDependency section */

/* Begin PBXVariantGroup section */
		015B57EB2AEB032A00B9E485 /* LaunchScreen.storyboard */ = {
			isa = PBXVariantGroup;
			children = (
				015B57EC2AEB032A00B9E485 /* Base */,
			);
			name = LaunchScreen.storyboard;
			sourceTree = "<group>";
		};
/* End PBXVariantGroup section */

/* Begin XCBuildConfiguration section */
		015B58052AEB032A00B9E485 /* Debug */ = {
			isa = XCBuildConfiguration;
			buildSettings = {
				ALWAYS_SEARCH_USER_PATHS = NO;
				CLANG_ANALYZER_NONNULL = YES;
				CLANG_ANALYZER_NUMBER_OBJECT_CONVERSION = YES_AGGRESSIVE;
				CLANG_CXX_LANGUAGE_STANDARD = "gnu++20";
				CLANG_ENABLE_MODULES = YES;
				CLANG_ENABLE_OBJC_ARC = YES;
				CLANG_ENABLE_OBJC_WEAK = YES;
				CLANG_WARN_BLOCK_CAPTURE_AUTORELEASING = YES;
				CLANG_WARN_BOOL_CONVERSION = YES;
				CLANG_WARN_COMMA = YES;
				CLANG_WARN_CONSTANT_CONVERSION = YES;
				CLANG_WARN_DEPRECATED_OBJC_IMPLEMENTATIONS = YES;
				CLANG_WARN_DIRECT_OBJC_ISA_USAGE = YES_ERROR;
				CLANG_WARN_DOCUMENTATION_COMMENTS = YES;
				CLANG_WARN_EMPTY_BODY = YES;
				CLANG_WARN_ENUM_CONVERSION = YES;
				CLANG_WARN_INFINITE_RECURSION = YES;
				CLANG_WARN_INT_CONVERSION = YES;
				CLANG_WARN_NON_LITERAL_NULL_CONVERSION = YES;
				CLANG_WARN_OBJC_IMPLICIT_RETAIN_SELF = YES;
				CLANG_WARN_OBJC_LITERAL_CONVERSION = YES;
				CLANG_WARN_OBJC_ROOT_CLASS = YES_ERROR;
				CLANG_WARN_QUOTED_INCLUDE_IN_FRAMEWORK_HEADER = YES;
				CLANG_WARN_RANGE_LOOP_ANALYSIS = YES;
				CLANG_WARN_STRICT_PROTOTYPES = YES;
				CLANG_WARN_SUSPICIOUS_MOVE = YES;
				CLANG_WARN_UNGUARDED_AVAILABILITY = YES_AGGRESSIVE;
				CLANG_WARN_UNREACHABLE_CODE = YES;
				CLANG_WARN__DUPLICATE_METHOD_MATCH = YES;
				COPY_PHASE_STRIP = NO;
				DEBUG_INFORMATION_FORMAT = dwarf;
				ENABLE_STRICT_OBJC_MSGSEND = YES;
				ENABLE_TESTABILITY = YES;
				GCC_C_LANGUAGE_STANDARD = gnu11;
				GCC_DYNAMIC_NO_PIC = NO;
				GCC_NO_COMMON_BLOCKS = YES;
				GCC_OPTIMIZATION_LEVEL = 0;
				GCC_PREPROCESSOR_DEFINITIONS = (
					"DEBUG=1",
					"$(inherited)",
				);
				GCC_WARN_64_TO_32_BIT_CONVERSION = YES;
				GCC_WARN_ABOUT_RETURN_TYPE = YES_ERROR;
				GCC_WARN_UNDECLARED_SELECTOR = YES;
				GCC_WARN_UNINITIALIZED_AUTOS = YES_AGGRESSIVE;
				GCC_WARN_UNUSED_FUNCTION = YES;
				GCC_WARN_UNUSED_VARIABLE = YES;
				IPHONEOS_DEPLOYMENT_TARGET = 16.4;
				MTL_ENABLE_DEBUG_INFO = INCLUDE_SOURCE;
				MTL_FAST_MATH = YES;
				ONLY_ACTIVE_ARCH = YES;
				SDKROOT = iphoneos;
				SWIFT_ACTIVE_COMPILATION_CONDITIONS = DEBUG;
				SWIFT_OPTIMIZATION_LEVEL = "-Onone";
			};
			name = Debug;
		};
		015B58062AEB032A00B9E485 /* Release */ = {
			isa = XCBuildConfiguration;
			buildSettings = {
				ALWAYS_SEARCH_USER_PATHS = NO;
				CLANG_ANALYZER_NONNULL = YES;
				CLANG_ANALYZER_NUMBER_OBJECT_CONVERSION = YES_AGGRESSIVE;
				CLANG_CXX_LANGUAGE_STANDARD = "gnu++20";
				CLANG_ENABLE_MODULES = YES;
				CLANG_ENABLE_OBJC_ARC = YES;
				CLANG_ENABLE_OBJC_WEAK = YES;
				CLANG_WARN_BLOCK_CAPTURE_AUTORELEASING = YES;
				CLANG_WARN_BOOL_CONVERSION = YES;
				CLANG_WARN_COMMA = YES;
				CLANG_WARN_CONSTANT_CONVERSION = YES;
				CLANG_WARN_DEPRECATED_OBJC_IMPLEMENTATIONS = YES;
				CLANG_WARN_DIRECT_OBJC_ISA_USAGE = YES_ERROR;
				CLANG_WARN_DOCUMENTATION_COMMENTS = YES;
				CLANG_WARN_EMPTY_BODY = YES;
				CLANG_WARN_ENUM_CONVERSION = YES;
				CLANG_WARN_INFINITE_RECURSION = YES;
				CLANG_WARN_INT_CONVERSION = YES;
				CLANG_WARN_NON_LITERAL_NULL_CONVERSION = YES;
				CLANG_WARN_OBJC_IMPLICIT_RETAIN_SELF = YES;
				CLANG_WARN_OBJC_LITERAL_CONVERSION = YES;
				CLANG_WARN_OBJC_ROOT_CLASS = YES_ERROR;
				CLANG_WARN_QUOTED_INCLUDE_IN_FRAMEWORK_HEADER = YES;
				CLANG_WARN_RANGE_LOOP_ANALYSIS = YES;
				CLANG_WARN_STRICT_PROTOTYPES = YES;
				CLANG_WARN_SUSPICIOUS_MOVE = YES;
				CLANG_WARN_UNGUARDED_AVAILABILITY = YES_AGGRESSIVE;
				CLANG_WARN_UNREACHABLE_CODE = YES;
				CLANG_WARN__DUPLICATE_METHOD_MATCH = YES;
				COPY_PHASE_STRIP = NO;
				DEBUG_INFORMATION_FORMAT = "dwarf-with-dsym";
				ENABLE_NS_ASSERTIONS = NO;
				ENABLE_STRICT_OBJC_MSGSEND = YES;
				GCC_C_LANGUAGE_STANDARD = gnu11;
				GCC_NO_COMMON_BLOCKS = YES;
				GCC_WARN_64_TO_32_BIT_CONVERSION = YES;
				GCC_WARN_ABOUT_RETURN_TYPE = YES_ERROR;
				GCC_WARN_UNDECLARED_SELECTOR = YES;
				GCC_WARN_UNINITIALIZED_AUTOS = YES_AGGRESSIVE;
				GCC_WARN_UNUSED_FUNCTION = YES;
				GCC_WARN_UNUSED_VARIABLE = YES;
				IPHONEOS_DEPLOYMENT_TARGET = 16.4;
				MTL_ENABLE_DEBUG_INFO = NO;
				MTL_FAST_MATH = YES;
				SDKROOT = iphoneos;
				SWIFT_COMPILATION_MODE = wholemodule;
				SWIFT_OPTIMIZATION_LEVEL = "-O";
				VALIDATE_PRODUCT = YES;
			};
			name = Release;
		};
		015B58082AEB032A00B9E485 /* Debug */ = {
			isa = XCBuildConfiguration;
			buildSettings = {
				ASSETCATALOG_COMPILER_APPICON_NAME = AppIcon;
				ASSETCATALOG_COMPILER_GLOBAL_ACCENT_COLOR_NAME = AccentColor;
				CODE_SIGN_STYLE = Automatic;
				CURRENT_PROJECT_VERSION = 1;
				DEVELOPMENT_TEAM = RLCVQ32K8A;
				GENERATE_INFOPLIST_FILE = YES;
				INFOPLIST_FILE = Tracker/Info.plist;
				INFOPLIST_KEY_UIApplicationSupportsIndirectInputEvents = YES;
				INFOPLIST_KEY_UILaunchStoryboardName = LaunchScreen;
				INFOPLIST_KEY_UIStatusBarStyle = UIStatusBarStyleLightContent;
				INFOPLIST_KEY_UISupportedInterfaceOrientations = UIInterfaceOrientationPortrait;
				IPHONEOS_DEPLOYMENT_TARGET = 13.4;
				LD_RUNPATH_SEARCH_PATHS = (
					"$(inherited)",
					"@executable_path/Frameworks",
				);
				MARKETING_VERSION = 1.0;
				PRODUCT_BUNDLE_IDENTIFIER = ru.yandex.practicum.Tracker;
				PRODUCT_NAME = "$(TARGET_NAME)";
				SUPPORTED_PLATFORMS = "iphoneos iphonesimulator";
				SUPPORTS_MACCATALYST = NO;
				SUPPORTS_MAC_DESIGNED_FOR_IPHONE_IPAD = NO;
				SWIFT_EMIT_LOC_STRINGS = YES;
				SWIFT_VERSION = 5.0;
				TARGETED_DEVICE_FAMILY = 1;
			};
			name = Debug;
		};
		015B58092AEB032A00B9E485 /* Release */ = {
			isa = XCBuildConfiguration;
			buildSettings = {
				ASSETCATALOG_COMPILER_APPICON_NAME = AppIcon;
				ASSETCATALOG_COMPILER_GLOBAL_ACCENT_COLOR_NAME = AccentColor;
				CODE_SIGN_STYLE = Automatic;
				CURRENT_PROJECT_VERSION = 1;
				DEVELOPMENT_TEAM = RLCVQ32K8A;
				GENERATE_INFOPLIST_FILE = YES;
				INFOPLIST_FILE = Tracker/Info.plist;
				INFOPLIST_KEY_UIApplicationSupportsIndirectInputEvents = YES;
				INFOPLIST_KEY_UILaunchStoryboardName = LaunchScreen;
				INFOPLIST_KEY_UIStatusBarStyle = UIStatusBarStyleLightContent;
				INFOPLIST_KEY_UISupportedInterfaceOrientations = UIInterfaceOrientationPortrait;
				IPHONEOS_DEPLOYMENT_TARGET = 13.4;
				LD_RUNPATH_SEARCH_PATHS = (
					"$(inherited)",
					"@executable_path/Frameworks",
				);
				MARKETING_VERSION = 1.0;
				PRODUCT_BUNDLE_IDENTIFIER = ru.yandex.practicum.Tracker;
				PRODUCT_NAME = "$(TARGET_NAME)";
				SUPPORTED_PLATFORMS = "iphoneos iphonesimulator";
				SUPPORTS_MACCATALYST = NO;
				SUPPORTS_MAC_DESIGNED_FOR_IPHONE_IPAD = NO;
				SWIFT_EMIT_LOC_STRINGS = YES;
				SWIFT_VERSION = 5.0;
				TARGETED_DEVICE_FAMILY = 1;
			};
			name = Release;
		};
		015B580B2AEB032A00B9E485 /* Debug */ = {
			isa = XCBuildConfiguration;
			buildSettings = {
				ALWAYS_EMBED_SWIFT_STANDARD_LIBRARIES = YES;
				BUNDLE_LOADER = "$(TEST_HOST)";
				CODE_SIGN_STYLE = Automatic;
				CURRENT_PROJECT_VERSION = 1;
				DEVELOPMENT_TEAM = RLCVQ32K8A;
				GENERATE_INFOPLIST_FILE = YES;
				IPHONEOS_DEPLOYMENT_TARGET = 16.4;
				MARKETING_VERSION = 1.0;
				PRODUCT_BUNDLE_IDENTIFIER = ru.yandex.practicum.TrackerTests;
				PRODUCT_NAME = "$(TARGET_NAME)";
				SWIFT_EMIT_LOC_STRINGS = NO;
				SWIFT_VERSION = 5.0;
				TARGETED_DEVICE_FAMILY = "1,2";
				TEST_HOST = "$(BUILT_PRODUCTS_DIR)/Tracker.app/$(BUNDLE_EXECUTABLE_FOLDER_PATH)/Tracker";
			};
			name = Debug;
		};
		015B580C2AEB032A00B9E485 /* Release */ = {
			isa = XCBuildConfiguration;
			buildSettings = {
				ALWAYS_EMBED_SWIFT_STANDARD_LIBRARIES = YES;
				BUNDLE_LOADER = "$(TEST_HOST)";
				CODE_SIGN_STYLE = Automatic;
				CURRENT_PROJECT_VERSION = 1;
				DEVELOPMENT_TEAM = RLCVQ32K8A;
				GENERATE_INFOPLIST_FILE = YES;
				IPHONEOS_DEPLOYMENT_TARGET = 16.4;
				MARKETING_VERSION = 1.0;
				PRODUCT_BUNDLE_IDENTIFIER = ru.yandex.practicum.TrackerTests;
				PRODUCT_NAME = "$(TARGET_NAME)";
				SWIFT_EMIT_LOC_STRINGS = NO;
				SWIFT_VERSION = 5.0;
				TARGETED_DEVICE_FAMILY = "1,2";
				TEST_HOST = "$(BUILT_PRODUCTS_DIR)/Tracker.app/$(BUNDLE_EXECUTABLE_FOLDER_PATH)/Tracker";
			};
			name = Release;
		};
		015B580E2AEB032A00B9E485 /* Debug */ = {
			isa = XCBuildConfiguration;
			buildSettings = {
				ALWAYS_EMBED_SWIFT_STANDARD_LIBRARIES = YES;
				CODE_SIGN_STYLE = Automatic;
				CURRENT_PROJECT_VERSION = 1;
				DEVELOPMENT_TEAM = RLCVQ32K8A;
				GENERATE_INFOPLIST_FILE = YES;
				MARKETING_VERSION = 1.0;
				PRODUCT_BUNDLE_IDENTIFIER = ru.yandex.practicum.TrackerUITests;
				PRODUCT_NAME = "$(TARGET_NAME)";
				SWIFT_EMIT_LOC_STRINGS = NO;
				SWIFT_VERSION = 5.0;
				TARGETED_DEVICE_FAMILY = "1,2";
				TEST_TARGET_NAME = Tracker;
			};
			name = Debug;
		};
		015B580F2AEB032A00B9E485 /* Release */ = {
			isa = XCBuildConfiguration;
			buildSettings = {
				ALWAYS_EMBED_SWIFT_STANDARD_LIBRARIES = YES;
				CODE_SIGN_STYLE = Automatic;
				CURRENT_PROJECT_VERSION = 1;
				DEVELOPMENT_TEAM = RLCVQ32K8A;
				GENERATE_INFOPLIST_FILE = YES;
				MARKETING_VERSION = 1.0;
				PRODUCT_BUNDLE_IDENTIFIER = ru.yandex.practicum.TrackerUITests;
				PRODUCT_NAME = "$(TARGET_NAME)";
				SWIFT_EMIT_LOC_STRINGS = NO;
				SWIFT_VERSION = 5.0;
				TARGETED_DEVICE_FAMILY = "1,2";
				TEST_TARGET_NAME = Tracker;
			};
			name = Release;
		};
/* End XCBuildConfiguration section */

/* Begin XCConfigurationList section */
		015B57D52AEB032900B9E485 /* Build configuration list for PBXProject "Tracker" */ = {
			isa = XCConfigurationList;
			buildConfigurations = (
				015B58052AEB032A00B9E485 /* Debug */,
				015B58062AEB032A00B9E485 /* Release */,
			);
			defaultConfigurationIsVisible = 0;
			defaultConfigurationName = Release;
		};
		015B58072AEB032A00B9E485 /* Build configuration list for PBXNativeTarget "Tracker" */ = {
			isa = XCConfigurationList;
			buildConfigurations = (
				015B58082AEB032A00B9E485 /* Debug */,
				015B58092AEB032A00B9E485 /* Release */,
			);
			defaultConfigurationIsVisible = 0;
			defaultConfigurationName = Release;
		};
		015B580A2AEB032A00B9E485 /* Build configuration list for PBXNativeTarget "TrackerTests" */ = {
			isa = XCConfigurationList;
			buildConfigurations = (
				015B580B2AEB032A00B9E485 /* Debug */,
				015B580C2AEB032A00B9E485 /* Release */,
			);
			defaultConfigurationIsVisible = 0;
			defaultConfigurationName = Release;
		};
		015B580D2AEB032A00B9E485 /* Build configuration list for PBXNativeTarget "TrackerUITests" */ = {
			isa = XCConfigurationList;
			buildConfigurations = (
				015B580E2AEB032A00B9E485 /* Debug */,
				015B580F2AEB032A00B9E485 /* Release */,
			);
			defaultConfigurationIsVisible = 0;
			defaultConfigurationName = Release;
		};
/* End XCConfigurationList section */

/* Begin XCVersionGroup section */
		015B57E62AEB032900B9E485 /* Tracker.xcdatamodeld */ = {
			isa = XCVersionGroup;
			children = (
				015B57E72AEB032900B9E485 /* Tracker.xcdatamodel */,
			);
			currentVersion = 015B57E72AEB032900B9E485 /* Tracker.xcdatamodel */;
			path = Tracker.xcdatamodeld;
			sourceTree = "<group>";
			versionGroupType = wrapper.xcdatamodel;
		};
/* End XCVersionGroup section */
	};
	rootObject = 015B57D22AEB032900B9E485 /* Project object */;
}
